
Microsoft Visual Studio Solution File, Format Version 12.00
# Visual Studio Version 16
VisualStudioVersion = 16.0.28721.148
MinimumVisualStudioVersion = 10.0.40219.1
Project("{9A19103F-16F7-4668-BE54-9A1E7A4F7556}") = "RoomTempDashboard", "src\RoomTempDashboard.csproj", "{4B2A2128-3C0E-4E0E-9844-BCDA446C4B0F}"
EndProject
Project("{2150E333-8FDC-42A3-9474-1A3956D46DE8}") = "Solution Items", "Solution Items", "{676F0DC8-AF8F-4D11-8B19-A6E1804035FA}"
	ProjectSection(SolutionItems) = preProject
		.dockerignore = .dockerignore
		Dockerfile = Dockerfile
	EndProjectSection
EndProject
Global
	GlobalSection(SolutionConfigurationPlatforms) = preSolution
		Debug|Any CPU = Debug|Any CPU
		Release|Any CPU = Release|Any CPU
	EndGlobalSection
	GlobalSection(ProjectConfigurationPlatforms) = postSolution
		{4B2A2128-3C0E-4E0E-9844-BCDA446C4B0F}.Debug|Any CPU.ActiveCfg = Debug|Any CPU
		{4B2A2128-3C0E-4E0E-9844-BCDA446C4B0F}.Debug|Any CPU.Build.0 = Debug|Any CPU
		{4B2A2128-3C0E-4E0E-9844-BCDA446C4B0F}.Release|Any CPU.ActiveCfg = Release|Any CPU
		{4B2A2128-3C0E-4E0E-9844-BCDA446C4B0F}.Release|Any CPU.Build.0 = Release|Any CPU
	EndGlobalSection
	GlobalSection(SolutionProperties) = preSolution
		HideSolutionNode = FALSE
	EndGlobalSection
	GlobalSection(ExtensibilityGlobals) = postSolution
		SolutionGuid = {67D8C1FA-8309-42A5-8604-30023889B292}
	EndGlobalSection
EndGlobal
